
Microsoft Visual Studio Solution File, Format Version 12.00
# Visual Studio 2015
Project("{FAE04EC0-301F-11D3-BF4B-00C04F79EFBC}") = "TheGame", "TheGame.csproj", "{2A06C275-FF04-4640-6400-1FD26CC97065}"
EndProject
Global
	GlobalSection(SolutionConfigurationPlatforms) = preSolution
		Debug|Any CPU = Debug|Any CPU
		Release|Any CPU = Release|Any CPU
	EndGlobalSection
	GlobalSection(ProjectConfigurationPlatforms) = postSolution
		{2A06C275-FF04-4640-6400-1FD26CC97065}.Debug|Any CPU.ActiveCfg = Debug|Any CPU
		{2A06C275-FF04-4640-6400-1FD26CC97065}.Debug|Any CPU.Build.0 = Debug|Any CPU
		{2A06C275-FF04-4640-6400-1FD26CC97065}.Release|Any CPU.ActiveCfg = Release|Any CPU
		{2A06C275-FF04-4640-6400-1FD26CC97065}.Release|Any CPU.Build.0 = Release|Any CPU
	EndGlobalSection
	GlobalSection(SolutionProperties) = preSolution
		HideSolutionNode = FALSE
	EndGlobalSection
EndGlobal
